// !$*UTF8*$!
{
	archiveVersion = 1;
	classes = {
	};
	objectVersion = 50;
	objects = {

/* Begin PBXBuildFile section */
		14431D57221F9D4700A0C5C1 /* AppDelegate.swift in Sources */ = {isa = PBXBuildFile; fileRef = 14431D56221F9D4700A0C5C1 /* AppDelegate.swift */; };
		14431D59221F9D4700A0C5C1 /* QuestionViewController.swift in Sources */ = {isa = PBXBuildFile; fileRef = 14431D58221F9D4700A0C5C1 /* QuestionViewController.swift */; };
		14431D5C221F9D4700A0C5C1 /* Main.storyboard in Resources */ = {isa = PBXBuildFile; fileRef = 14431D5A221F9D4700A0C5C1 /* Main.storyboard */; };
		14431D70221FA03D00A0C5C1 /* QuestionGroupData.swift in Sources */ = {isa = PBXBuildFile; fileRef = 14431D6F221FA03D00A0C5C1 /* QuestionGroupData.swift */; };
		14431D72221FA06000A0C5C1 /* Assets.xcassets in Resources */ = {isa = PBXBuildFile; fileRef = 14431D71221FA06000A0C5C1 /* Assets.xcassets */; };
		14431D74221FA07C00A0C5C1 /* LaunchScreen.storyboard in Resources */ = {isa = PBXBuildFile; fileRef = 14431D73221FA07C00A0C5C1 /* LaunchScreen.storyboard */; };
		14431D76221FA70600A0C5C1 /* QuestionGroup.swift in Sources */ = {isa = PBXBuildFile; fileRef = 14431D75221FA70600A0C5C1 /* QuestionGroup.swift */; };
		14431D78221FA72500A0C5C1 /* Question.swift in Sources */ = {isa = PBXBuildFile; fileRef = 14431D77221FA72500A0C5C1 /* Question.swift */; };
		14431D7A221FA88700A0C5C1 /* Default-568h@2x.png in Resources */ = {isa = PBXBuildFile; fileRef = 14431D79221FA88700A0C5C1 /* Default-568h@2x.png */; };
		14431D7C221FA94200A0C5C1 /* QuestionView.swift in Sources */ = {isa = PBXBuildFile; fileRef = 14431D7B221FA94200A0C5C1 /* QuestionView.swift */; };
/* End PBXBuildFile section */

/* Begin PBXFileReference section */
		14431D53221F9D4700A0C5C1 /* MementoSalutem.app */ = {isa = PBXFileReference; explicitFileType = wrapper.application; includeInIndex = 0; path = MementoSalutem.app; sourceTree = BUILT_PRODUCTS_DIR; };
		14431D56221F9D4700A0C5C1 /* AppDelegate.swift */ = {isa = PBXFileReference; lastKnownFileType = sourcecode.swift; path = AppDelegate.swift; sourceTree = "<group>"; };
		14431D58221F9D4700A0C5C1 /* QuestionViewController.swift */ = {isa = PBXFileReference; lastKnownFileType = sourcecode.swift; path = QuestionViewController.swift; sourceTree = "<group>"; };
		14431D5B221F9D4700A0C5C1 /* Base */ = {isa = PBXFileReference; lastKnownFileType = file.storyboard; name = Base; path = Base.lproj/Main.storyboard; sourceTree = "<group>"; };
		14431D62221F9D4900A0C5C1 /* Info.plist */ = {isa = PBXFileReference; lastKnownFileType = text.plist.xml; path = Info.plist; sourceTree = "<group>"; };
		14431D6F221FA03D00A0C5C1 /* QuestionGroupData.swift */ = {isa = PBXFileReference; fileEncoding = 4; lastKnownFileType = sourcecode.swift; path = QuestionGroupData.swift; sourceTree = "<group>"; };
		14431D71221FA06000A0C5C1 /* Assets.xcassets */ = {isa = PBXFileReference; lastKnownFileType = folder.assetcatalog; path = Assets.xcassets; sourceTree = "<group>"; };
		14431D73221FA07C00A0C5C1 /* LaunchScreen.storyboard */ = {isa = PBXFileReference; fileEncoding = 4; lastKnownFileType = file.storyboard; path = LaunchScreen.storyboard; sourceTree = "<group>"; };
		14431D75221FA70600A0C5C1 /* QuestionGroup.swift */ = {isa = PBXFileReference; lastKnownFileType = sourcecode.swift; path = QuestionGroup.swift; sourceTree = "<group>"; };
		14431D77221FA72500A0C5C1 /* Question.swift */ = {isa = PBXFileReference; lastKnownFileType = sourcecode.swift; path = Question.swift; sourceTree = "<group>"; };
		14431D79221FA88700A0C5C1 /* Default-568h@2x.png */ = {isa = PBXFileReference; lastKnownFileType = image.png; path = "Default-568h@2x.png"; sourceTree = "<group>"; };
		14431D7B221FA94200A0C5C1 /* QuestionView.swift */ = {isa = PBXFileReference; lastKnownFileType = sourcecode.swift; path = QuestionView.swift; sourceTree = "<group>"; };
/* End PBXFileReference section */

/* Begin PBXFrameworksBuildPhase section */
		14431D50221F9D4700A0C5C1 /* Frameworks */ = {
			isa = PBXFrameworksBuildPhase;
			buildActionMask = 2147483647;
			files = (
			);
			runOnlyForDeploymentPostprocessing = 0;
		};
/* End PBXFrameworksBuildPhase section */

/* Begin PBXGroup section */
		14431D4A221F9D4700A0C5C1 = {
			isa = PBXGroup;
			children = (
				14431D55221F9D4700A0C5C1 /* MementoSalutem */,
				14431D54221F9D4700A0C5C1 /* Products */,
			);
			sourceTree = "<group>";
		};
		14431D54221F9D4700A0C5C1 /* Products */ = {
			isa = PBXGroup;
			children = (
				14431D53221F9D4700A0C5C1 /* MementoSalutem.app */,
			);
			name = Products;
			sourceTree = "<group>";
		};
		14431D55221F9D4700A0C5C1 /* MementoSalutem */ = {
			isa = PBXGroup;
			children = (
				14431D6E221F9FA300A0C5C1 /* Views */,
				14431D6D221F9F9900A0C5C1 /* Controllers */,
				14431D6C221F9F5D00A0C5C1 /* Models */,
				14431D6A221F9F4800A0C5C1 /* Resources */,
				14431D68221F9F2100A0C5C1 /* AppDelegate */,
			);
			path = MementoSalutem;
			sourceTree = "<group>";
		};
		14431D68221F9F2100A0C5C1 /* AppDelegate */ = {
			isa = PBXGroup;
			children = (
				14431D56221F9D4700A0C5C1 /* AppDelegate.swift */,
			);
			path = AppDelegate;
			sourceTree = "<group>";
		};
		14431D6A221F9F4800A0C5C1 /* Resources */ = {
			isa = PBXGroup;
			children = (
				14431D62221F9D4900A0C5C1 /* Info.plist */,
				14431D71221FA06000A0C5C1 /* Assets.xcassets */,
				14431D79221FA88700A0C5C1 /* Default-568h@2x.png */,
			);
			path = Resources;
			sourceTree = "<group>";
		};
		14431D6C221F9F5D00A0C5C1 /* Models */ = {
			isa = PBXGroup;
			children = (
				14431D6F221FA03D00A0C5C1 /* QuestionGroupData.swift */,
				14431D75221FA70600A0C5C1 /* QuestionGroup.swift */,
				14431D77221FA72500A0C5C1 /* Question.swift */,
			);
			path = Models;
			sourceTree = "<group>";
		};
		14431D6D221F9F9900A0C5C1 /* Controllers */ = {
			isa = PBXGroup;
			children = (
				14431D58221F9D4700A0C5C1 /* QuestionViewController.swift */,
			);
			path = Controllers;
			sourceTree = "<group>";
		};
		14431D6E221F9FA300A0C5C1 /* Views */ = {
			isa = PBXGroup;
			children = (
				14431D73221FA07C00A0C5C1 /* LaunchScreen.storyboard */,
				14431D5A221F9D4700A0C5C1 /* Main.storyboard */,
				14431D7B221FA94200A0C5C1 /* QuestionView.swift */,
			);
			path = Views;
			sourceTree = "<group>";
		};
/* End PBXGroup section */

/* Begin PBXNativeTarget section */
		14431D52221F9D4700A0C5C1 /* MementoSalutem */ = {
			isa = PBXNativeTarget;
			buildConfigurationList = 14431D65221F9D4900A0C5C1 /* Build configuration list for PBXNativeTarget "MementoSalutem" */;
			buildPhases = (
				14431D4F221F9D4700A0C5C1 /* Sources */,
				14431D50221F9D4700A0C5C1 /* Frameworks */,
				14431D51221F9D4700A0C5C1 /* Resources */,
			);
			buildRules = (
			);
			dependencies = (
			);
			name = MementoSalutem;
			productName = MementoSalutem;
			productReference = 14431D53221F9D4700A0C5C1 /* MementoSalutem.app */;
			productType = "com.apple.product-type.application";
		};
/* End PBXNativeTarget section */

/* Begin PBXProject section */
		14431D4B221F9D4700A0C5C1 /* Project object */ = {
			isa = PBXProject;
			attributes = {
				LastSwiftUpdateCheck = 1000;
				LastUpgradeCheck = 1000;
				ORGANIZATIONNAME = X;
				TargetAttributes = {
					14431D52221F9D4700A0C5C1 = {
						CreatedOnToolsVersion = 10.0;
					};
				};
			};
			buildConfigurationList = 14431D4E221F9D4700A0C5C1 /* Build configuration list for PBXProject "MementoSalutem" */;
			compatibilityVersion = "Xcode 9.3";
			developmentRegion = en;
			hasScannedForEncodings = 0;
			knownRegions = (
				en,
				Base,
			);
			mainGroup = 14431D4A221F9D4700A0C5C1;
			productRefGroup = 14431D54221F9D4700A0C5C1 /* Products */;
			projectDirPath = "";
			projectRoot = "";
			targets = (
				14431D52221F9D4700A0C5C1 /* MementoSalutem */,
			);
		};
/* End PBXProject section */

/* Begin PBXResourcesBuildPhase section */
		14431D51221F9D4700A0C5C1 /* Resources */ = {
			isa = PBXResourcesBuildPhase;
			buildActionMask = 2147483647;
			files = (
				14431D74221FA07C00A0C5C1 /* LaunchScreen.storyboard in Resources */,
				14431D7A221FA88700A0C5C1 /* Default-568h@2x.png in Resources */,
				14431D72221FA06000A0C5C1 /* Assets.xcassets in Resources */,
				14431D5C221F9D4700A0C5C1 /* Main.storyboard in Resources */,
			);
			runOnlyForDeploymentPostprocessing = 0;
		};
/* End PBXResourcesBuildPhase section */

/* Begin PBXSourcesBuildPhase section */
		14431D4F221F9D4700A0C5C1 /* Sources */ = {
			isa = PBXSourcesBuildPhase;
			buildActionMask = 2147483647;
			files = (
				14431D78221FA72500A0C5C1 /* Question.swift in Sources */,
				14431D70221FA03D00A0C5C1 /* QuestionGroupData.swift in Sources */,
				14431D59221F9D4700A0C5C1 /* QuestionViewController.swift in Sources */,
				14431D57221F9D4700A0C5C1 /* AppDelegate.swift in Sources */,
				14431D7C221FA94200A0C5C1 /* QuestionView.swift in Sources */,
				14431D76221FA70600A0C5C1 /* QuestionGroup.swift in Sources */,
			);
			runOnlyForDeploymentPostprocessing = 0;
		};
/* End PBXSourcesBuildPhase section */

/* Begin PBXVariantGroup section */
		14431D5A221F9D4700A0C5C1 /* Main.storyboard */ = {
			isa = PBXVariantGroup;
			children = (
				14431D5B221F9D4700A0C5C1 /* Base */,
			);
			name = Main.storyboard;
			sourceTree = "<group>";
		};
/* End PBXVariantGroup section */

/* Begin XCBuildConfiguration section */
		14431D63221F9D4900A0C5C1 /* Debug */ = {
			isa = XCBuildConfiguration;
			buildSettings = {
				ALWAYS_SEARCH_USER_PATHS = NO;
				CLANG_ANALYZER_NONNULL = YES;
				CLANG_ANALYZER_NUMBER_OBJECT_CONVERSION = YES_AGGRESSIVE;
				CLANG_CXX_LANGUAGE_STANDARD = "gnu++14";
				CLANG_CXX_LIBRARY = "libc++";
				CLANG_ENABLE_MODULES = YES;
				CLANG_ENABLE_OBJC_ARC = YES;
				CLANG_ENABLE_OBJC_WEAK = YES;
				CLANG_WARN_BLOCK_CAPTURE_AUTORELEASING = YES;
				CLANG_WARN_BOOL_CONVERSION = YES;
				CLANG_WARN_COMMA = YES;
				CLANG_WARN_CONSTANT_CONVERSION = YES;
				CLANG_WARN_DEPRECATED_OBJC_IMPLEMENTATIONS = YES;
				CLANG_WARN_DIRECT_OBJC_ISA_USAGE = YES_ERROR;
				CLANG_WARN_DOCUMENTATION_COMMENTS = YES;
				CLANG_WARN_EMPTY_BODY = YES;
				CLANG_WARN_ENUM_CONVERSION = YES;
				CLANG_WARN_INFINITE_RECURSION = YES;
				CLANG_WARN_INT_CONVERSION = YES;
				CLANG_WARN_NON_LITERAL_NULL_CONVERSION = YES;
				CLANG_WARN_OBJC_IMPLICIT_RETAIN_SELF = YES;
				CLANG_WARN_OBJC_LITERAL_CONVERSION = YES;
				CLANG_WARN_OBJC_ROOT_CLASS = YES_ERROR;
				CLANG_WARN_RANGE_LOOP_ANALYSIS = YES;
				CLANG_WARN_STRICT_PROTOTYPES = YES;
				CLANG_WARN_SUSPICIOUS_MOVE = YES;
				CLANG_WARN_UNGUARDED_AVAILABILITY = YES_AGGRESSIVE;
				CLANG_WARN_UNREACHABLE_CODE = YES;
				CLANG_WARN__DUPLICATE_METHOD_MATCH = YES;
				CODE_SIGN_IDENTITY = "iPhone Developer";
				COPY_PHASE_STRIP = NO;
				DEBUG_INFORMATION_FORMAT = dwarf;
				ENABLE_STRICT_OBJC_MSGSEND = YES;
				ENABLE_TESTABILITY = YES;
				GCC_C_LANGUAGE_STANDARD = gnu11;
				GCC_DYNAMIC_NO_PIC = NO;
				GCC_NO_COMMON_BLOCKS = YES;
				GCC_OPTIMIZATION_LEVEL = 0;
				GCC_PREPROCESSOR_DEFINITIONS = (
					"DEBUG=1",
					"$(inherited)",
				);
				GCC_WARN_64_TO_32_BIT_CONVERSION = YES;
				GCC_WARN_ABOUT_RETURN_TYPE = YES_ERROR;
				GCC_WARN_UNDECLARED_SELECTOR = YES;
				GCC_WARN_UNINITIALIZED_AUTOS = YES_AGGRESSIVE;
				GCC_WARN_UNUSED_FUNCTION = YES;
				GCC_WARN_UNUSED_VARIABLE = YES;
				IPHONEOS_DEPLOYMENT_TARGET = 12.0;
				MTL_ENABLE_DEBUG_INFO = INCLUDE_SOURCE;
				MTL_FAST_MATH = YES;
				ONLY_ACTIVE_ARCH = YES;
				SDKROOT = iphoneos;
				SWIFT_ACTIVE_COMPILATION_CONDITIONS = DEBUG;
				SWIFT_OPTIMIZATION_LEVEL = "-Onone";
			};
			name = Debug;
		};
		14431D64221F9D4900A0C5C1 /* Release */ = {
			isa = XCBuildConfiguration;
			buildSettings = {
				ALWAYS_SEARCH_USER_PATHS = NO;
				CLANG_ANALYZER_NONNULL = YES;
				CLANG_ANALYZER_NUMBER_OBJECT_CONVERSION = YES_AGGRESSIVE;
				CLANG_CXX_LANGUAGE_STANDARD = "gnu++14";
				CLANG_CXX_LIBRARY = "libc++";
				CLANG_ENABLE_MODULES = YES;
				CLANG_ENABLE_OBJC_ARC = YES;
				CLANG_ENABLE_OBJC_WEAK = YES;
				CLANG_WARN_BLOCK_CAPTURE_AUTORELEASING = YES;
				CLANG_WARN_BOOL_CONVERSION = YES;
				CLANG_WARN_COMMA = YES;
				CLANG_WARN_CONSTANT_CONVERSION = YES;
				CLANG_WARN_DEPRECATED_OBJC_IMPLEMENTATIONS = YES;
				CLANG_WARN_DIRECT_OBJC_ISA_USAGE = YES_ERROR;
				CLANG_WARN_DOCUMENTATION_COMMENTS = YES;
				CLANG_WARN_EMPTY_BODY = YES;
				CLANG_WARN_ENUM_CONVERSION = YES;
				CLANG_WARN_INFINITE_RECURSION = YES;
				CLANG_WARN_INT_CONVERSION = YES;
				CLANG_WARN_NON_LITERAL_NULL_CONVERSION = YES;
				CLANG_WARN_OBJC_IMPLICIT_RETAIN_SELF = YES;
				CLANG_WARN_OBJC_LITERAL_CONVERSION = YES;
				CLANG_WARN_OBJC_ROOT_CLASS = YES_ERROR;
				CLANG_WARN_RANGE_LOOP_ANALYSIS = YES;
				CLANG_WARN_STRICT_PROTOTYPES = YES;
				CLANG_WARN_SUSPICIOUS_MOVE = YES;
				CLANG_WARN_UNGUARDED_AVAILABILITY = YES_AGGRESSIVE;
				CLANG_WARN_UNREACHABLE_CODE = YES;
				CLANG_WARN__DUPLICATE_METHOD_MATCH = YES;
				CODE_SIGN_IDENTITY = "iPhone Developer";
				COPY_PHASE_STRIP = NO;
				DEBUG_INFORMATION_FORMAT = "dwarf-with-dsym";
				ENABLE_NS_ASSERTIONS = NO;
				ENABLE_STRICT_OBJC_MSGSEND = YES;
				GCC_C_LANGUAGE_STANDARD = gnu11;
				GCC_NO_COMMON_BLOCKS = YES;
				GCC_WARN_64_TO_32_BIT_CONVERSION = YES;
				GCC_WARN_ABOUT_RETURN_TYPE = YES_ERROR;
				GCC_WARN_UNDECLARED_SELECTOR = YES;
				GCC_WARN_UNINITIALIZED_AUTOS = YES_AGGRESSIVE;
				GCC_WARN_UNUSED_FUNCTION = YES;
				GCC_WARN_UNUSED_VARIABLE = YES;
				IPHONEOS_DEPLOYMENT_TARGET = 12.0;
				MTL_ENABLE_DEBUG_INFO = NO;
				MTL_FAST_MATH = YES;
				SDKROOT = iphoneos;
				SWIFT_COMPILATION_MODE = wholemodule;
				SWIFT_OPTIMIZATION_LEVEL = "-O";
				VALIDATE_PRODUCT = YES;
			};
			name = Release;
		};
		14431D66221F9D4900A0C5C1 /* Debug */ = {
			isa = XCBuildConfiguration;
			buildSettings = {
				ASSETCATALOG_COMPILER_APPICON_NAME = AppIcon;
				CODE_SIGN_STYLE = Automatic;
				DEVELOPMENT_TEAM = 28XXG6S5AU;
				INFOPLIST_FILE = MementoSalutem/Resources/Info.plist;
				LD_RUNPATH_SEARCH_PATHS = (
					"$(inherited)",
					"@executable_path/Frameworks",
				);
				PRODUCT_BUNDLE_IDENTIFIER = org.xrobotics.MementoSalutem;
				PRODUCT_NAME = "$(TARGET_NAME)";
				SWIFT_VERSION = 4.2;
				TARGETED_DEVICE_FAMILY = "1,2";
			};
			name = Debug;
		};
		14431D67221F9D4900A0C5C1 /* Release */ = {
			isa = XCBuildConfiguration;
			buildSettings = {
				ASSETCATALOG_COMPILER_APPICON_NAME = AppIcon;
				CODE_SIGN_STYLE = Automatic;
				DEVELOPMENT_TEAM = 28XXG6S5AU;
				INFOPLIST_FILE = MementoSalutem/Resources/Info.plist;
				LD_RUNPATH_SEARCH_PATHS = (
					"$(inherited)",
					"@executable_path/Frameworks",
				);
				PRODUCT_BUNDLE_IDENTIFIER = org.xrobotics.MementoSalutem;
				PRODUCT_NAME = "$(TARGET_NAME)";
				SWIFT_VERSION = 4.2;
				TARGETED_DEVICE_FAMILY = "1,2";
			};
			name = Release;
		};
/* End XCBuildConfiguration section */

/* Begin XCConfigurationList section */
		14431D4E221F9D4700A0C5C1 /* Build configuration list for PBXProject "MementoSalutem" */ = {
			isa = XCConfigurationList;
			buildConfigurations = (
				14431D63221F9D4900A0C5C1 /* Debug */,
				14431D64221F9D4900A0C5C1 /* Release */,
			);
			defaultConfigurationIsVisible = 0;
			defaultConfigurationName = Release;
		};
		14431D65221F9D4900A0C5C1 /* Build configuration list for PBXNativeTarget "MementoSalutem" */ = {
			isa = XCConfigurationList;
			buildConfigurations = (
				14431D66221F9D4900A0C5C1 /* Debug */,
				14431D67221F9D4900A0C5C1 /* Release */,
			);
			defaultConfigurationIsVisible = 0;
			defaultConfigurationName = Release;
		};
/* End XCConfigurationList section */
	};
	rootObject = 14431D4B221F9D4700A0C5C1 /* Project object */;
}
